
Microsoft Visual Studio Solution File, Format Version 12.00
# Visual Studio 15
VisualStudioVersion = 15.0.27004.2006
MinimumVisualStudioVersion = 10.0.40219.1
Project("{FAE04EC0-301F-11D3-BF4B-00C04F79EFBC}") = "ETTTimeTracker", "ETTTimeTracker\ETTTimeTracker.csproj", "{AA7AD1C9-D427-4A1D-987D-B01E01F13F09}"
EndProject
Project("{FAE04EC0-301F-11D3-BF4B-00C04F79EFBC}") = "Ett.Common.Domain", "Ett.Common.Domain\Ett.Common.Domain.csproj", "{7FF31002-CE5B-4B02-AD5E-A74727008B80}"
EndProject
Project("{FAE04EC0-301F-11D3-BF4B-00C04F79EFBC}") = "Ett.Common.Dal", "Ett.Common.Dal\Ett.Common.Dal.csproj", "{33B4CF82-A19B-41E0-AFA8-30EB7E49BAF5}"
EndProject
Project("{FAE04EC0-301F-11D3-BF4B-00C04F79EFBC}") = "Ett.Common.Services", "Ett.Common.Services\Ett.Common.Services.csproj", "{CD0F541B-1088-4103-93AE-08B61EF870D1}"
EndProject
Project("{FAE04EC0-301F-11D3-BF4B-00C04F79EFBC}") = "Ett.Common.Mapping", "Ett.Common.Mapping\Ett.Common.Mapping.csproj", "{F286728F-73CF-4AA2-9A89-2C86B2473D34}"
EndProject
Project("{FAE04EC0-301F-11D3-BF4B-00C04F79EFBC}") = "Ett.Common.DataAnnotations", "Ett.Common.DataAnnotations\Ett.Common.DataAnnotations.csproj", "{7CD95D92-3860-40F5-8E4B-D5E1EFC49A25}"
EndProject
Project("{FAE04EC0-301F-11D3-BF4B-00C04F79EFBC}") = "Ett.TimeTracker.Domain", "Ett.TimeTracker.Domain\Ett.TimeTracker.Domain.csproj", "{465AC400-8AF7-47C0-82DE-FB14FEEC5688}"
EndProject
Project("{FAE04EC0-301F-11D3-BF4B-00C04F79EFBC}") = "Ett.TimeTracker.Dal", "Ett.TimeTracker.Dal\Ett.TimeTracker.Dal.csproj", "{A05C5BCB-373E-4A2E-83D3-907ED88F4A62}"
EndProject
Project("{FAE04EC0-301F-11D3-BF4B-00C04F79EFBC}") = "Ett.TimeTracker.Services", "Ett.TimeTracker.Services\Ett.TimeTracker.Services.csproj", "{3F267CB9-092E-49A5-9E04-BA93590E037B}"
EndProject
Project("{FAE04EC0-301F-11D3-BF4B-00C04F79EFBC}") = "Ett.TimeTracker.Workflow", "Ett.TimeTracker.Workflow\Ett.TimeTracker.Workflow.csproj", "{EAE9BEA1-0698-490C-82D8-FBF3386CBCE3}"
EndProject
Project("{FAE04EC0-301F-11D3-BF4B-00C04F79EFBC}") = "Ett.Common.Web", "Ett.Common.Web\Ett.Common.Web.csproj", "{380739F8-BCC9-4DC6-A836-370954C441AB}"
EndProject
Global
	GlobalSection(SolutionConfigurationPlatforms) = preSolution
		Debug|Any CPU = Debug|Any CPU
		Release|Any CPU = Release|Any CPU
	EndGlobalSection
	GlobalSection(ProjectConfigurationPlatforms) = postSolution
		{AA7AD1C9-D427-4A1D-987D-B01E01F13F09}.Debug|Any CPU.ActiveCfg = Debug|Any CPU
		{AA7AD1C9-D427-4A1D-987D-B01E01F13F09}.Debug|Any CPU.Build.0 = Debug|Any CPU
		{AA7AD1C9-D427-4A1D-987D-B01E01F13F09}.Release|Any CPU.ActiveCfg = Release|Any CPU
		{AA7AD1C9-D427-4A1D-987D-B01E01F13F09}.Release|Any CPU.Build.0 = Release|Any CPU
		{7FF31002-CE5B-4B02-AD5E-A74727008B80}.Debug|Any CPU.ActiveCfg = Debug|Any CPU
		{7FF31002-CE5B-4B02-AD5E-A74727008B80}.Debug|Any CPU.Build.0 = Debug|Any CPU
		{7FF31002-CE5B-4B02-AD5E-A74727008B80}.Release|Any CPU.ActiveCfg = Release|Any CPU
		{7FF31002-CE5B-4B02-AD5E-A74727008B80}.Release|Any CPU.Build.0 = Release|Any CPU
		{33B4CF82-A19B-41E0-AFA8-30EB7E49BAF5}.Debug|Any CPU.ActiveCfg = Debug|Any CPU
		{33B4CF82-A19B-41E0-AFA8-30EB7E49BAF5}.Debug|Any CPU.Build.0 = Debug|Any CPU
		{33B4CF82-A19B-41E0-AFA8-30EB7E49BAF5}.Release|Any CPU.ActiveCfg = Release|Any CPU
		{33B4CF82-A19B-41E0-AFA8-30EB7E49BAF5}.Release|Any CPU.Build.0 = Release|Any CPU
		{CD0F541B-1088-4103-93AE-08B61EF870D1}.Debug|Any CPU.ActiveCfg = Debug|Any CPU
		{CD0F541B-1088-4103-93AE-08B61EF870D1}.Debug|Any CPU.Build.0 = Debug|Any CPU
		{CD0F541B-1088-4103-93AE-08B61EF870D1}.Release|Any CPU.ActiveCfg = Release|Any CPU
		{CD0F541B-1088-4103-93AE-08B61EF870D1}.Release|Any CPU.Build.0 = Release|Any CPU
		{F286728F-73CF-4AA2-9A89-2C86B2473D34}.Debug|Any CPU.ActiveCfg = Debug|Any CPU
		{F286728F-73CF-4AA2-9A89-2C86B2473D34}.Debug|Any CPU.Build.0 = Debug|Any CPU
		{F286728F-73CF-4AA2-9A89-2C86B2473D34}.Release|Any CPU.ActiveCfg = Release|Any CPU
		{F286728F-73CF-4AA2-9A89-2C86B2473D34}.Release|Any CPU.Build.0 = Release|Any CPU
		{7CD95D92-3860-40F5-8E4B-D5E1EFC49A25}.Debug|Any CPU.ActiveCfg = Debug|Any CPU
		{7CD95D92-3860-40F5-8E4B-D5E1EFC49A25}.Debug|Any CPU.Build.0 = Debug|Any CPU
		{7CD95D92-3860-40F5-8E4B-D5E1EFC49A25}.Release|Any CPU.ActiveCfg = Release|Any CPU
		{7CD95D92-3860-40F5-8E4B-D5E1EFC49A25}.Release|Any CPU.Build.0 = Release|Any CPU
		{465AC400-8AF7-47C0-82DE-FB14FEEC5688}.Debug|Any CPU.ActiveCfg = Debug|Any CPU
		{465AC400-8AF7-47C0-82DE-FB14FEEC5688}.Debug|Any CPU.Build.0 = Debug|Any CPU
		{465AC400-8AF7-47C0-82DE-FB14FEEC5688}.Release|Any CPU.ActiveCfg = Release|Any CPU
		{465AC400-8AF7-47C0-82DE-FB14FEEC5688}.Release|Any CPU.Build.0 = Release|Any CPU
		{A05C5BCB-373E-4A2E-83D3-907ED88F4A62}.Debug|Any CPU.ActiveCfg = Debug|Any CPU
		{A05C5BCB-373E-4A2E-83D3-907ED88F4A62}.Debug|Any CPU.Build.0 = Debug|Any CPU
		{A05C5BCB-373E-4A2E-83D3-907ED88F4A62}.Release|Any CPU.ActiveCfg = Release|Any CPU
		{A05C5BCB-373E-4A2E-83D3-907ED88F4A62}.Release|Any CPU.Build.0 = Release|Any CPU
		{3F267CB9-092E-49A5-9E04-BA93590E037B}.Debug|Any CPU.ActiveCfg = Debug|Any CPU
		{3F267CB9-092E-49A5-9E04-BA93590E037B}.Debug|Any CPU.Build.0 = Debug|Any CPU
		{3F267CB9-092E-49A5-9E04-BA93590E037B}.Release|Any CPU.ActiveCfg = Release|Any CPU
		{3F267CB9-092E-49A5-9E04-BA93590E037B}.Release|Any CPU.Build.0 = Release|Any CPU
		{EAE9BEA1-0698-490C-82D8-FBF3386CBCE3}.Debug|Any CPU.ActiveCfg = Debug|Any CPU
		{EAE9BEA1-0698-490C-82D8-FBF3386CBCE3}.Debug|Any CPU.Build.0 = Debug|Any CPU
		{EAE9BEA1-0698-490C-82D8-FBF3386CBCE3}.Release|Any CPU.ActiveCfg = Release|Any CPU
		{EAE9BEA1-0698-490C-82D8-FBF3386CBCE3}.Release|Any CPU.Build.0 = Release|Any CPU
		{380739F8-BCC9-4DC6-A836-370954C441AB}.Debug|Any CPU.ActiveCfg = Debug|Any CPU
		{380739F8-BCC9-4DC6-A836-370954C441AB}.Debug|Any CPU.Build.0 = Debug|Any CPU
		{380739F8-BCC9-4DC6-A836-370954C441AB}.Release|Any CPU.ActiveCfg = Release|Any CPU
		{380739F8-BCC9-4DC6-A836-370954C441AB}.Release|Any CPU.Build.0 = Release|Any CPU
	EndGlobalSection
	GlobalSection(SolutionProperties) = preSolution
		HideSolutionNode = FALSE
	EndGlobalSection
	GlobalSection(ExtensibilityGlobals) = postSolution
		SolutionGuid = {E2F63B30-5D70-4B4C-9251-8986CE62700D}
	EndGlobalSection
EndGlobal
